// !$*UTF8*$!
{
	archiveVersion = 1;
	classes = {
	};
	objectVersion = 51;
	objects = {

/* Begin PBXBuildFile section */
		13EFC2E69CDF218D64D1C0D6 /* Pods_Tagoose_IOS_PluginTests.framework in Frameworks */ = {isa = PBXBuildFile; fileRef = 8613D5B5D2D98626B8CBA05E /* Pods_Tagoose_IOS_PluginTests.framework */; };
		29D25183C95E8DE9E23AA01E /* Pods_Tagoose_IOS_Plugin_Tagoose_IOS_PluginUITests.framework in Frameworks */ = {isa = PBXBuildFile; fileRef = 3BF3067BE359657A9265712A /* Pods_Tagoose_IOS_Plugin_Tagoose_IOS_PluginUITests.framework */; };
		5277394525D4D2E600F93FEC /* AppDelegate.swift in Sources */ = {isa = PBXBuildFile; fileRef = 5277394425D4D2E600F93FEC /* AppDelegate.swift */; };
		5277394725D4D2E600F93FEC /* SceneDelegate.swift in Sources */ = {isa = PBXBuildFile; fileRef = 5277394625D4D2E600F93FEC /* SceneDelegate.swift */; };
		5277394B25D4D2E700F93FEC /* Assets.xcassets in Resources */ = {isa = PBXBuildFile; fileRef = 5277394A25D4D2E700F93FEC /* Assets.xcassets */; };
		5277394E25D4D2E700F93FEC /* Preview Assets.xcassets in Resources */ = {isa = PBXBuildFile; fileRef = 5277394D25D4D2E700F93FEC /* Preview Assets.xcassets */; };
		5277395125D4D2E700F93FEC /* LaunchScreen.storyboard in Resources */ = {isa = PBXBuildFile; fileRef = 5277394F25D4D2E700F93FEC /* LaunchScreen.storyboard */; };
		5277395C25D4D2E700F93FEC /* Tagoose_IOS_PluginTests.swift in Sources */ = {isa = PBXBuildFile; fileRef = 5277395B25D4D2E700F93FEC /* Tagoose_IOS_PluginTests.swift */; };
		5277396725D4D2E800F93FEC /* Tagoose_IOS_PluginUITests.swift in Sources */ = {isa = PBXBuildFile; fileRef = 5277396625D4D2E800F93FEC /* Tagoose_IOS_PluginUITests.swift */; };
		5277398625D4D53F00F93FEC /* ScanView.swift in Sources */ = {isa = PBXBuildFile; fileRef = 5277398525D4D53F00F93FEC /* ScanView.swift */; };
		5277398B25D4D5A700F93FEC /* ScanRepository.swift in Sources */ = {isa = PBXBuildFile; fileRef = 5277398A25D4D5A700F93FEC /* ScanRepository.swift */; };
		5277399025D4D5BE00F93FEC /* ScanController.swift in Sources */ = {isa = PBXBuildFile; fileRef = 5277398F25D4D5BE00F93FEC /* ScanController.swift */; };
		527739AA25D5167F00F93FEC /* ScanState.swift in Sources */ = {isa = PBXBuildFile; fileRef = 527739A925D5167F00F93FEC /* ScanState.swift */; };
		527739AF25D5168800F93FEC /* ScanEvent.swift in Sources */ = {isa = PBXBuildFile; fileRef = 527739AE25D5168800F93FEC /* ScanEvent.swift */; };
		529956EB25D9C7760015842A /* ScanSceneView.swift in Sources */ = {isa = PBXBuildFile; fileRef = 529956EA25D9C7760015842A /* ScanSceneView.swift */; };
		529956F825D9C92A0015842A /* ObjectSearchRepository.swift in Sources */ = {isa = PBXBuildFile; fileRef = 529956F725D9C92A0015842A /* ObjectSearchRepository.swift */; };
		5299570525D9C9630015842A /* ResizeObjectRepository.swift in Sources */ = {isa = PBXBuildFile; fileRef = 5299570425D9C9630015842A /* ResizeObjectRepository.swift */; };
		5299575825D9DBE10015842A /* ScannedObject.swift in Sources */ = {isa = PBXBuildFile; fileRef = 5299574B25D9DBE00015842A /* ScannedObject.swift */; };
		5299575925D9DBE10015842A /* ScannedPointCloud.swift in Sources */ = {isa = PBXBuildFile; fileRef = 5299574C25D9DBE00015842A /* ScannedPointCloud.swift */; };
		5299575A25D9DBE10015842A /* DetectedPointCloud.swift in Sources */ = {isa = PBXBuildFile; fileRef = 5299574D25D9DBE00015842A /* DetectedPointCloud.swift */; };
		5299575B25D9DBE10015842A /* DetectedObject.swift in Sources */ = {isa = PBXBuildFile; fileRef = 5299574E25D9DBE00015842A /* DetectedObject.swift */; };
		5299575C25D9DBE10015842A /* Snapping.swift in Sources */ = {isa = PBXBuildFile; fileRef = 5299574F25D9DBE00015842A /* Snapping.swift */; };
		5299575D25D9DBE10015842A /* BoundingBoxSide.swift in Sources */ = {isa = PBXBuildFile; fileRef = 5299575025D9DBE00015842A /* BoundingBoxSide.swift */; };
		5299575E25D9DBE10015842A /* Tile.swift in Sources */ = {isa = PBXBuildFile; fileRef = 5299575125D9DBE00015842A /* Tile.swift */; };
		5299575F25D9DBE10015842A /* ObjectOriginAxis.swift in Sources */ = {isa = PBXBuildFile; fileRef = 5299575225D9DBE00015842A /* ObjectOriginAxis.swift */; };
		5299576025D9DBE10015842A /* DetectedBoundingBox.swift in Sources */ = {isa = PBXBuildFile; fileRef = 5299575325D9DBE00015842A /* DetectedBoundingBox.swift */; };
		5299576125D9DBE10015842A /* Wireframe.swift in Sources */ = {isa = PBXBuildFile; fileRef = 5299575425D9DBE00015842A /* Wireframe.swift */; };
		5299576225D9DBE10015842A /* BoundingBox.swift in Sources */ = {isa = PBXBuildFile; fileRef = 5299575525D9DBE00015842A /* BoundingBox.swift */; };
		5299576325D9DBE10015842A /* PointCloud+CreateVisualization.swift in Sources */ = {isa = PBXBuildFile; fileRef = 5299575625D9DBE10015842A /* PointCloud+CreateVisualization.swift */; };
		5299576425D9DBE10015842A /* ObjectOrigin.swift in Sources */ = {isa = PBXBuildFile; fileRef = 5299575725D9DBE10015842A /* ObjectOrigin.swift */; };
		5299577025D9E0980015842A /* ThresholdRotationGestureRecognizer.swift in Sources */ = {isa = PBXBuildFile; fileRef = 5299576D25D9E0980015842A /* ThresholdRotationGestureRecognizer.swift */; };
		5299577125D9E0980015842A /* ThresholdPinchGestureRecognizer.swift in Sources */ = {isa = PBXBuildFile; fileRef = 5299576E25D9E0980015842A /* ThresholdPinchGestureRecognizer.swift */; };
		5299577225D9E0980015842A /* ThresholdPanGestureRecognizer.swift in Sources */ = {isa = PBXBuildFile; fileRef = 5299576F25D9E0980015842A /* ThresholdPanGestureRecognizer.swift */; };
		5299577725D9E15C0015842A /* ModelProvider.swift in Sources */ = {isa = PBXBuildFile; fileRef = 5299577625D9E15C0015842A /* ModelProvider.swift */; };
		5299578825D9E4110015842A /* Utilities.swift in Sources */ = {isa = PBXBuildFile; fileRef = 5299578725D9E4110015842A /* Utilities.swift */; };
		FD3AED62F6E26C95A671DBBE /* Pods_Tagoose_IOS_Plugin.framework in Frameworks */ = {isa = PBXBuildFile; fileRef = 68AF16FCCF03E426A576AA6D /* Pods_Tagoose_IOS_Plugin.framework */; };
/* End PBXBuildFile section */

/* Begin PBXContainerItemProxy section */
		5277395825D4D2E700F93FEC /* PBXContainerItemProxy */ = {
			isa = PBXContainerItemProxy;
			containerPortal = 5277393925D4D2E600F93FEC /* Project object */;
			proxyType = 1;
			remoteGlobalIDString = 5277394025D4D2E600F93FEC;
			remoteInfo = "Tagoose-IOS-Plugin";
		};
		5277396325D4D2E800F93FEC /* PBXContainerItemProxy */ = {
			isa = PBXContainerItemProxy;
			containerPortal = 5277393925D4D2E600F93FEC /* Project object */;
			proxyType = 1;
			remoteGlobalIDString = 5277394025D4D2E600F93FEC;
			remoteInfo = "Tagoose-IOS-Plugin";
		};
/* End PBXContainerItemProxy section */

/* Begin PBXFileReference section */
		2CBFE11A30BCF2276615B906 /* Pods-Tagoose-IOS-Plugin-Tagoose-IOS-PluginUITests.debug.xcconfig */ = {isa = PBXFileReference; includeInIndex = 1; lastKnownFileType = text.xcconfig; name = "Pods-Tagoose-IOS-Plugin-Tagoose-IOS-PluginUITests.debug.xcconfig"; path = "Target Support Files/Pods-Tagoose-IOS-Plugin-Tagoose-IOS-PluginUITests/Pods-Tagoose-IOS-Plugin-Tagoose-IOS-PluginUITests.debug.xcconfig"; sourceTree = "<group>"; };
		3BF3067BE359657A9265712A /* Pods_Tagoose_IOS_Plugin_Tagoose_IOS_PluginUITests.framework */ = {isa = PBXFileReference; explicitFileType = wrapper.framework; includeInIndex = 0; path = Pods_Tagoose_IOS_Plugin_Tagoose_IOS_PluginUITests.framework; sourceTree = BUILT_PRODUCTS_DIR; };
		5277394125D4D2E600F93FEC /* Tagoose-IOS-Plugin.app */ = {isa = PBXFileReference; explicitFileType = wrapper.application; includeInIndex = 0; path = "Tagoose-IOS-Plugin.app"; sourceTree = BUILT_PRODUCTS_DIR; };
		5277394425D4D2E600F93FEC /* AppDelegate.swift */ = {isa = PBXFileReference; lastKnownFileType = sourcecode.swift; path = AppDelegate.swift; sourceTree = "<group>"; };
		5277394625D4D2E600F93FEC /* SceneDelegate.swift */ = {isa = PBXFileReference; lastKnownFileType = sourcecode.swift; path = SceneDelegate.swift; sourceTree = "<group>"; };
		5277394A25D4D2E700F93FEC /* Assets.xcassets */ = {isa = PBXFileReference; lastKnownFileType = folder.assetcatalog; path = Assets.xcassets; sourceTree = "<group>"; };
		5277394D25D4D2E700F93FEC /* Preview Assets.xcassets */ = {isa = PBXFileReference; lastKnownFileType = folder.assetcatalog; path = "Preview Assets.xcassets"; sourceTree = "<group>"; };
		5277395025D4D2E700F93FEC /* Base */ = {isa = PBXFileReference; lastKnownFileType = file.storyboard; name = Base; path = Base.lproj/LaunchScreen.storyboard; sourceTree = "<group>"; };
		5277395225D4D2E700F93FEC /* Info.plist */ = {isa = PBXFileReference; lastKnownFileType = text.plist.xml; path = Info.plist; sourceTree = "<group>"; };
		5277395725D4D2E700F93FEC /* Tagoose-IOS-PluginTests.xctest */ = {isa = PBXFileReference; explicitFileType = wrapper.cfbundle; includeInIndex = 0; path = "Tagoose-IOS-PluginTests.xctest"; sourceTree = BUILT_PRODUCTS_DIR; };
		5277395B25D4D2E700F93FEC /* Tagoose_IOS_PluginTests.swift */ = {isa = PBXFileReference; lastKnownFileType = sourcecode.swift; path = Tagoose_IOS_PluginTests.swift; sourceTree = "<group>"; };
		5277395D25D4D2E700F93FEC /* Info.plist */ = {isa = PBXFileReference; lastKnownFileType = text.plist.xml; path = Info.plist; sourceTree = "<group>"; };
		5277396225D4D2E800F93FEC /* Tagoose-IOS-PluginUITests.xctest */ = {isa = PBXFileReference; explicitFileType = wrapper.cfbundle; includeInIndex = 0; path = "Tagoose-IOS-PluginUITests.xctest"; sourceTree = BUILT_PRODUCTS_DIR; };
		5277396625D4D2E800F93FEC /* Tagoose_IOS_PluginUITests.swift */ = {isa = PBXFileReference; lastKnownFileType = sourcecode.swift; path = Tagoose_IOS_PluginUITests.swift; sourceTree = "<group>"; };
		5277396825D4D2E800F93FEC /* Info.plist */ = {isa = PBXFileReference; lastKnownFileType = text.plist.xml; path = Info.plist; sourceTree = "<group>"; };
		5277398525D4D53F00F93FEC /* ScanView.swift */ = {isa = PBXFileReference; lastKnownFileType = sourcecode.swift; path = ScanView.swift; sourceTree = "<group>"; };
		5277398A25D4D5A700F93FEC /* ScanRepository.swift */ = {isa = PBXFileReference; lastKnownFileType = sourcecode.swift; path = ScanRepository.swift; sourceTree = "<group>"; };
		5277398F25D4D5BE00F93FEC /* ScanController.swift */ = {isa = PBXFileReference; lastKnownFileType = sourcecode.swift; path = ScanController.swift; sourceTree = "<group>"; };
		527739A925D5167F00F93FEC /* ScanState.swift */ = {isa = PBXFileReference; lastKnownFileType = sourcecode.swift; path = ScanState.swift; sourceTree = "<group>"; };
		527739AE25D5168800F93FEC /* ScanEvent.swift */ = {isa = PBXFileReference; lastKnownFileType = sourcecode.swift; path = ScanEvent.swift; sourceTree = "<group>"; };
		529956EA25D9C7760015842A /* ScanSceneView.swift */ = {isa = PBXFileReference; lastKnownFileType = sourcecode.swift; path = ScanSceneView.swift; sourceTree = "<group>"; };
		529956F725D9C92A0015842A /* ObjectSearchRepository.swift */ = {isa = PBXFileReference; lastKnownFileType = sourcecode.swift; path = ObjectSearchRepository.swift; sourceTree = "<group>"; };
		5299570425D9C9630015842A /* ResizeObjectRepository.swift */ = {isa = PBXFileReference; lastKnownFileType = sourcecode.swift; path = ResizeObjectRepository.swift; sourceTree = "<group>"; };
		5299574B25D9DBE00015842A /* ScannedObject.swift */ = {isa = PBXFileReference; fileEncoding = 4; lastKnownFileType = sourcecode.swift; path = ScannedObject.swift; sourceTree = "<group>"; };
		5299574C25D9DBE00015842A /* ScannedPointCloud.swift */ = {isa = PBXFileReference; fileEncoding = 4; lastKnownFileType = sourcecode.swift; path = ScannedPointCloud.swift; sourceTree = "<group>"; };
		5299574D25D9DBE00015842A /* DetectedPointCloud.swift */ = {isa = PBXFileReference; fileEncoding = 4; lastKnownFileType = sourcecode.swift; path = DetectedPointCloud.swift; sourceTree = "<group>"; };
		5299574E25D9DBE00015842A /* DetectedObject.swift */ = {isa = PBXFileReference; fileEncoding = 4; lastKnownFileType = sourcecode.swift; path = DetectedObject.swift; sourceTree = "<group>"; };
		5299574F25D9DBE00015842A /* Snapping.swift */ = {isa = PBXFileReference; fileEncoding = 4; lastKnownFileType = sourcecode.swift; path = Snapping.swift; sourceTree = "<group>"; };
		5299575025D9DBE00015842A /* BoundingBoxSide.swift */ = {isa = PBXFileReference; fileEncoding = 4; lastKnownFileType = sourcecode.swift; path = BoundingBoxSide.swift; sourceTree = "<group>"; };
		5299575125D9DBE00015842A /* Tile.swift */ = {isa = PBXFileReference; fileEncoding = 4; lastKnownFileType = sourcecode.swift; path = Tile.swift; sourceTree = "<group>"; };
		5299575225D9DBE00015842A /* ObjectOriginAxis.swift */ = {isa = PBXFileReference; fileEncoding = 4; lastKnownFileType = sourcecode.swift; path = ObjectOriginAxis.swift; sourceTree = "<group>"; };
		5299575325D9DBE00015842A /* DetectedBoundingBox.swift */ = {isa = PBXFileReference; fileEncoding = 4; lastKnownFileType = sourcecode.swift; path = DetectedBoundingBox.swift; sourceTree = "<group>"; };
		5299575425D9DBE00015842A /* Wireframe.swift */ = {isa = PBXFileReference; fileEncoding = 4; lastKnownFileType = sourcecode.swift; path = Wireframe.swift; sourceTree = "<group>"; };
		5299575525D9DBE00015842A /* BoundingBox.swift */ = {isa = PBXFileReference; fileEncoding = 4; lastKnownFileType = sourcecode.swift; path = BoundingBox.swift; sourceTree = "<group>"; };
		5299575625D9DBE10015842A /* PointCloud+CreateVisualization.swift */ = {isa = PBXFileReference; fileEncoding = 4; lastKnownFileType = sourcecode.swift; path = "PointCloud+CreateVisualization.swift"; sourceTree = "<group>"; };
		5299575725D9DBE10015842A /* ObjectOrigin.swift */ = {isa = PBXFileReference; fileEncoding = 4; lastKnownFileType = sourcecode.swift; path = ObjectOrigin.swift; sourceTree = "<group>"; };
		5299576D25D9E0980015842A /* ThresholdRotationGestureRecognizer.swift */ = {isa = PBXFileReference; fileEncoding = 4; lastKnownFileType = sourcecode.swift; path = ThresholdRotationGestureRecognizer.swift; sourceTree = "<group>"; };
		5299576E25D9E0980015842A /* ThresholdPinchGestureRecognizer.swift */ = {isa = PBXFileReference; fileEncoding = 4; lastKnownFileType = sourcecode.swift; path = ThresholdPinchGestureRecognizer.swift; sourceTree = "<group>"; };
		5299576F25D9E0980015842A /* ThresholdPanGestureRecognizer.swift */ = {isa = PBXFileReference; fileEncoding = 4; lastKnownFileType = sourcecode.swift; path = ThresholdPanGestureRecognizer.swift; sourceTree = "<group>"; };
		5299577625D9E15C0015842A /* ModelProvider.swift */ = {isa = PBXFileReference; lastKnownFileType = sourcecode.swift; path = ModelProvider.swift; sourceTree = "<group>"; };
		5299578725D9E4110015842A /* Utilities.swift */ = {isa = PBXFileReference; fileEncoding = 4; lastKnownFileType = sourcecode.swift; path = Utilities.swift; sourceTree = "<group>"; };
		68AF16FCCF03E426A576AA6D /* Pods_Tagoose_IOS_Plugin.framework */ = {isa = PBXFileReference; explicitFileType = wrapper.framework; includeInIndex = 0; path = Pods_Tagoose_IOS_Plugin.framework; sourceTree = BUILT_PRODUCTS_DIR; };
		8613D5B5D2D98626B8CBA05E /* Pods_Tagoose_IOS_PluginTests.framework */ = {isa = PBXFileReference; explicitFileType = wrapper.framework; includeInIndex = 0; path = Pods_Tagoose_IOS_PluginTests.framework; sourceTree = BUILT_PRODUCTS_DIR; };
		93C76236FE9D8506C73BD906 /* Pods-Tagoose-IOS-Plugin.debug.xcconfig */ = {isa = PBXFileReference; includeInIndex = 1; lastKnownFileType = text.xcconfig; name = "Pods-Tagoose-IOS-Plugin.debug.xcconfig"; path = "Target Support Files/Pods-Tagoose-IOS-Plugin/Pods-Tagoose-IOS-Plugin.debug.xcconfig"; sourceTree = "<group>"; };
		A972F5E7E8C4EDF17E6A42E9 /* Pods-Tagoose-IOS-Plugin-Tagoose-IOS-PluginUITests.release.xcconfig */ = {isa = PBXFileReference; includeInIndex = 1; lastKnownFileType = text.xcconfig; name = "Pods-Tagoose-IOS-Plugin-Tagoose-IOS-PluginUITests.release.xcconfig"; path = "Target Support Files/Pods-Tagoose-IOS-Plugin-Tagoose-IOS-PluginUITests/Pods-Tagoose-IOS-Plugin-Tagoose-IOS-PluginUITests.release.xcconfig"; sourceTree = "<group>"; };
		B6C0501B4EC3C66D33EB1BCC /* Pods-Tagoose-IOS-Plugin.release.xcconfig */ = {isa = PBXFileReference; includeInIndex = 1; lastKnownFileType = text.xcconfig; name = "Pods-Tagoose-IOS-Plugin.release.xcconfig"; path = "Target Support Files/Pods-Tagoose-IOS-Plugin/Pods-Tagoose-IOS-Plugin.release.xcconfig"; sourceTree = "<group>"; };
		C388F50239558F7ABD1091AF /* Pods-Tagoose-IOS-PluginTests.debug.xcconfig */ = {isa = PBXFileReference; includeInIndex = 1; lastKnownFileType = text.xcconfig; name = "Pods-Tagoose-IOS-PluginTests.debug.xcconfig"; path = "Target Support Files/Pods-Tagoose-IOS-PluginTests/Pods-Tagoose-IOS-PluginTests.debug.xcconfig"; sourceTree = "<group>"; };
		D70CD699DB941E6CA01107AD /* Pods-Tagoose-IOS-PluginTests.release.xcconfig */ = {isa = PBXFileReference; includeInIndex = 1; lastKnownFileType = text.xcconfig; name = "Pods-Tagoose-IOS-PluginTests.release.xcconfig"; path = "Target Support Files/Pods-Tagoose-IOS-PluginTests/Pods-Tagoose-IOS-PluginTests.release.xcconfig"; sourceTree = "<group>"; };
/* End PBXFileReference section */

/* Begin PBXFrameworksBuildPhase section */
		5277393E25D4D2E600F93FEC /* Frameworks */ = {
			isa = PBXFrameworksBuildPhase;
			buildActionMask = 2147483647;
			files = (
				FD3AED62F6E26C95A671DBBE /* Pods_Tagoose_IOS_Plugin.framework in Frameworks */,
			);
			runOnlyForDeploymentPostprocessing = 0;
		};
		5277395425D4D2E700F93FEC /* Frameworks */ = {
			isa = PBXFrameworksBuildPhase;
			buildActionMask = 2147483647;
			files = (
				13EFC2E69CDF218D64D1C0D6 /* Pods_Tagoose_IOS_PluginTests.framework in Frameworks */,
			);
			runOnlyForDeploymentPostprocessing = 0;
		};
		5277395F25D4D2E800F93FEC /* Frameworks */ = {
			isa = PBXFrameworksBuildPhase;
			buildActionMask = 2147483647;
			files = (
				29D25183C95E8DE9E23AA01E /* Pods_Tagoose_IOS_Plugin_Tagoose_IOS_PluginUITests.framework in Frameworks */,
			);
			runOnlyForDeploymentPostprocessing = 0;
		};
/* End PBXFrameworksBuildPhase section */

/* Begin PBXGroup section */
		5277393825D4D2E600F93FEC = {
			isa = PBXGroup;
			children = (
				5277394325D4D2E600F93FEC /* Tagoose-IOS-Plugin */,
				5277395A25D4D2E700F93FEC /* Tagoose-IOS-PluginTests */,
				5277396525D4D2E800F93FEC /* Tagoose-IOS-PluginUITests */,
				5277394225D4D2E600F93FEC /* Products */,
				57D8FA14660BEE57DA444A24 /* Pods */,
				9EFB1CAD5F73511082C3CCD3 /* Frameworks */,
			);
			sourceTree = "<group>";
		};
		5277394225D4D2E600F93FEC /* Products */ = {
			isa = PBXGroup;
			children = (
				5277394125D4D2E600F93FEC /* Tagoose-IOS-Plugin.app */,
				5277395725D4D2E700F93FEC /* Tagoose-IOS-PluginTests.xctest */,
				5277396225D4D2E800F93FEC /* Tagoose-IOS-PluginUITests.xctest */,
			);
			name = Products;
			sourceTree = "<group>";
		};
		5277394325D4D2E600F93FEC /* Tagoose-IOS-Plugin */ = {
			isa = PBXGroup;
			children = (
				5299577E25D9E3F90015842A /* Utilities */,
				5299571525D9CCB40015842A /* Entities */,
				5277398125D4D35B00F93FEC /* Provider */,
				5277398025D4D35200F93FEC /* Repository */,
				5277397F25D4D34B00F93FEC /* Controller */,
				5277397B25D4D30000F93FEC /* UI */,
				5277397725D4D2F300F93FEC /* src */,
				5277394A25D4D2E700F93FEC /* Assets.xcassets */,
				5277394F25D4D2E700F93FEC /* LaunchScreen.storyboard */,
				5277395225D4D2E700F93FEC /* Info.plist */,
				5277394C25D4D2E700F93FEC /* Preview Content */,
			);
			path = "Tagoose-IOS-Plugin";
			sourceTree = "<group>";
		};
		5277394C25D4D2E700F93FEC /* Preview Content */ = {
			isa = PBXGroup;
			children = (
				5277394D25D4D2E700F93FEC /* Preview Assets.xcassets */,
			);
			path = "Preview Content";
			sourceTree = "<group>";
		};
		5277395A25D4D2E700F93FEC /* Tagoose-IOS-PluginTests */ = {
			isa = PBXGroup;
			children = (
				5277395B25D4D2E700F93FEC /* Tagoose_IOS_PluginTests.swift */,
				5277395D25D4D2E700F93FEC /* Info.plist */,
			);
			path = "Tagoose-IOS-PluginTests";
			sourceTree = "<group>";
		};
		5277396525D4D2E800F93FEC /* Tagoose-IOS-PluginUITests */ = {
			isa = PBXGroup;
			children = (
				5277396625D4D2E800F93FEC /* Tagoose_IOS_PluginUITests.swift */,
				5277396825D4D2E800F93FEC /* Info.plist */,
			);
			path = "Tagoose-IOS-PluginUITests";
			sourceTree = "<group>";
		};
		5277397725D4D2F300F93FEC /* src */ = {
			isa = PBXGroup;
			children = (
				5277394425D4D2E600F93FEC /* AppDelegate.swift */,
			);
			path = src;
			sourceTree = "<group>";
		};
		5277397B25D4D30000F93FEC /* UI */ = {
			isa = PBXGroup;
			children = (
				5299576C25D9E0910015842A /* Gesture */,
				529956DE25D9C73F0015842A /* Components */,
				5277399725D4D80500F93FEC /* Views */,
				5277394625D4D2E600F93FEC /* SceneDelegate.swift */,
			);
			path = UI;
			sourceTree = "<group>";
		};
		5277397F25D4D34B00F93FEC /* Controller */ = {
			isa = PBXGroup;
			children = (
				5299570B25D9C9BD0015842A /* ResizeObject */,
				5299570A25D9C9B30015842A /* ObjectSearch */,
				527739A825D5167200F93FEC /* Scan */,
			);
			path = Controller;
			sourceTree = "<group>";
		};
		5277398025D4D35200F93FEC /* Repository */ = {
			isa = PBXGroup;
			children = (
				5277398A25D4D5A700F93FEC /* ScanRepository.swift */,
				529956F725D9C92A0015842A /* ObjectSearchRepository.swift */,
				5299570425D9C9630015842A /* ResizeObjectRepository.swift */,
			);
			path = Repository;
			sourceTree = "<group>";
		};
		5277398125D4D35B00F93FEC /* Provider */ = {
			isa = PBXGroup;
			children = (
				5299577625D9E15C0015842A /* ModelProvider.swift */,
			);
			path = Provider;
			sourceTree = "<group>";
		};
		5277399725D4D80500F93FEC /* Views */ = {
			isa = PBXGroup;
			children = (
				5277398525D4D53F00F93FEC /* ScanView.swift */,
			);
			path = Views;
			sourceTree = "<group>";
		};
		527739A825D5167200F93FEC /* Scan */ = {
			isa = PBXGroup;
			children = (
				5277398F25D4D5BE00F93FEC /* ScanController.swift */,
				527739A925D5167F00F93FEC /* ScanState.swift */,
				527739AE25D5168800F93FEC /* ScanEvent.swift */,
			);
			path = Scan;
			sourceTree = "<group>";
		};
		529956DE25D9C73F0015842A /* Components */ = {
			isa = PBXGroup;
			children = (
				529956EA25D9C7760015842A /* ScanSceneView.swift */,
			);
			path = Components;
			sourceTree = "<group>";
		};
		5299570A25D9C9B30015842A /* ObjectSearch */ = {
			isa = PBXGroup;
			children = (
			);
			path = ObjectSearch;
			sourceTree = "<group>";
		};
		5299570B25D9C9BD0015842A /* ResizeObject */ = {
			isa = PBXGroup;
			children = (
			);
			path = ResizeObject;
			sourceTree = "<group>";
		};
		5299571525D9CCB40015842A /* Entities */ = {
			isa = PBXGroup;
			children = (
				5299574A25D9DBD10015842A /* 3D UI */,
			);
			path = Entities;
			sourceTree = "<group>";
		};
		5299574A25D9DBD10015842A /* 3D UI */ = {
			isa = PBXGroup;
			children = (
				5299575525D9DBE00015842A /* BoundingBox.swift */,
				5299575025D9DBE00015842A /* BoundingBoxSide.swift */,
				5299575325D9DBE00015842A /* DetectedBoundingBox.swift */,
				5299574E25D9DBE00015842A /* DetectedObject.swift */,
				5299574D25D9DBE00015842A /* DetectedPointCloud.swift */,
				5299575725D9DBE10015842A /* ObjectOrigin.swift */,
				5299575225D9DBE00015842A /* ObjectOriginAxis.swift */,
				5299575625D9DBE10015842A /* PointCloud+CreateVisualization.swift */,
				5299574B25D9DBE00015842A /* ScannedObject.swift */,
				5299574C25D9DBE00015842A /* ScannedPointCloud.swift */,
				5299574F25D9DBE00015842A /* Snapping.swift */,
				5299575125D9DBE00015842A /* Tile.swift */,
				5299575425D9DBE00015842A /* Wireframe.swift */,
			);
			path = "3D UI";
			sourceTree = "<group>";
		};
		5299576C25D9E0910015842A /* Gesture */ = {
			isa = PBXGroup;
			children = (
				5299576F25D9E0980015842A /* ThresholdPanGestureRecognizer.swift */,
				5299576E25D9E0980015842A /* ThresholdPinchGestureRecognizer.swift */,
				5299576D25D9E0980015842A /* ThresholdRotationGestureRecognizer.swift */,
			);
			path = Gesture;
			sourceTree = "<group>";
		};
		5299577E25D9E3F90015842A /* Utilities */ = {
			isa = PBXGroup;
			children = (
				5299578725D9E4110015842A /* Utilities.swift */,
			);
			path = Utilities;
			sourceTree = "<group>";
		};
		57D8FA14660BEE57DA444A24 /* Pods */ = {
			isa = PBXGroup;
			children = (
				93C76236FE9D8506C73BD906 /* Pods-Tagoose-IOS-Plugin.debug.xcconfig */,
				B6C0501B4EC3C66D33EB1BCC /* Pods-Tagoose-IOS-Plugin.release.xcconfig */,
				2CBFE11A30BCF2276615B906 /* Pods-Tagoose-IOS-Plugin-Tagoose-IOS-PluginUITests.debug.xcconfig */,
				A972F5E7E8C4EDF17E6A42E9 /* Pods-Tagoose-IOS-Plugin-Tagoose-IOS-PluginUITests.release.xcconfig */,
				C388F50239558F7ABD1091AF /* Pods-Tagoose-IOS-PluginTests.debug.xcconfig */,
				D70CD699DB941E6CA01107AD /* Pods-Tagoose-IOS-PluginTests.release.xcconfig */,
			);
			path = Pods;
			sourceTree = "<group>";
		};
		9EFB1CAD5F73511082C3CCD3 /* Frameworks */ = {
			isa = PBXGroup;
			children = (
				68AF16FCCF03E426A576AA6D /* Pods_Tagoose_IOS_Plugin.framework */,
				3BF3067BE359657A9265712A /* Pods_Tagoose_IOS_Plugin_Tagoose_IOS_PluginUITests.framework */,
				8613D5B5D2D98626B8CBA05E /* Pods_Tagoose_IOS_PluginTests.framework */,
			);
			name = Frameworks;
			sourceTree = "<group>";
		};
/* End PBXGroup section */

/* Begin PBXNativeTarget section */
		5277394025D4D2E600F93FEC /* Tagoose-IOS-Plugin */ = {
			isa = PBXNativeTarget;
			buildConfigurationList = 5277396B25D4D2E800F93FEC /* Build configuration list for PBXNativeTarget "Tagoose-IOS-Plugin" */;
			buildPhases = (
				EB378E2FCB96A5DA15317881 /* [CP] Check Pods Manifest.lock */,
				5277393D25D4D2E600F93FEC /* Sources */,
				5277393E25D4D2E600F93FEC /* Frameworks */,
				5277393F25D4D2E600F93FEC /* Resources */,
				1E6A83C9FD558E490B29047C /* [CP] Embed Pods Frameworks */,
			);
			buildRules = (
			);
			dependencies = (
			);
			name = "Tagoose-IOS-Plugin";
			productName = "Tagoose-IOS-Plugin";
			productReference = 5277394125D4D2E600F93FEC /* Tagoose-IOS-Plugin.app */;
			productType = "com.apple.product-type.application";
		};
		5277395625D4D2E700F93FEC /* Tagoose-IOS-PluginTests */ = {
			isa = PBXNativeTarget;
			buildConfigurationList = 5277396E25D4D2E800F93FEC /* Build configuration list for PBXNativeTarget "Tagoose-IOS-PluginTests" */;
			buildPhases = (
				075E0808066434ED3DCBEA2C /* [CP] Check Pods Manifest.lock */,
				5277395325D4D2E700F93FEC /* Sources */,
				5277395425D4D2E700F93FEC /* Frameworks */,
				5277395525D4D2E700F93FEC /* Resources */,
			);
			buildRules = (
			);
			dependencies = (
				5277395925D4D2E700F93FEC /* PBXTargetDependency */,
			);
			name = "Tagoose-IOS-PluginTests";
			productName = "Tagoose-IOS-PluginTests";
			productReference = 5277395725D4D2E700F93FEC /* Tagoose-IOS-PluginTests.xctest */;
			productType = "com.apple.product-type.bundle.unit-test";
		};
		5277396125D4D2E800F93FEC /* Tagoose-IOS-PluginUITests */ = {
			isa = PBXNativeTarget;
			buildConfigurationList = 5277397125D4D2E800F93FEC /* Build configuration list for PBXNativeTarget "Tagoose-IOS-PluginUITests" */;
			buildPhases = (
				A76DBA8694BD58C69513C7CC /* [CP] Check Pods Manifest.lock */,
				5277395E25D4D2E800F93FEC /* Sources */,
				5277395F25D4D2E800F93FEC /* Frameworks */,
				5277396025D4D2E800F93FEC /* Resources */,
				D70537BF9DF7E1B7F3700BE9 /* [CP] Embed Pods Frameworks */,
			);
			buildRules = (
			);
			dependencies = (
				5277396425D4D2E800F93FEC /* PBXTargetDependency */,
			);
			name = "Tagoose-IOS-PluginUITests";
			productName = "Tagoose-IOS-PluginUITests";
			productReference = 5277396225D4D2E800F93FEC /* Tagoose-IOS-PluginUITests.xctest */;
			productType = "com.apple.product-type.bundle.ui-testing";
		};
/* End PBXNativeTarget section */

/* Begin PBXProject section */
		5277393925D4D2E600F93FEC /* Project object */ = {
			isa = PBXProject;
			attributes = {
				LastSwiftUpdateCheck = 1210;
				LastUpgradeCheck = 1210;
				TargetAttributes = {
					5277394025D4D2E600F93FEC = {
						CreatedOnToolsVersion = 12.1;
					};
					5277395625D4D2E700F93FEC = {
						CreatedOnToolsVersion = 12.1;
						TestTargetID = 5277394025D4D2E600F93FEC;
					};
					5277396125D4D2E800F93FEC = {
						CreatedOnToolsVersion = 12.1;
						TestTargetID = 5277394025D4D2E600F93FEC;
					};
				};
			};
			buildConfigurationList = 5277393C25D4D2E600F93FEC /* Build configuration list for PBXProject "Tagoose-IOS-Plugin" */;
			compatibilityVersion = "Xcode 9.3";
			developmentRegion = en;
			hasScannedForEncodings = 0;
			knownRegions = (
				en,
				Base,
			);
			mainGroup = 5277393825D4D2E600F93FEC;
			productRefGroup = 5277394225D4D2E600F93FEC /* Products */;
			projectDirPath = "";
			projectRoot = "";
			targets = (
				5277394025D4D2E600F93FEC /* Tagoose-IOS-Plugin */,
				5277395625D4D2E700F93FEC /* Tagoose-IOS-PluginTests */,
				5277396125D4D2E800F93FEC /* Tagoose-IOS-PluginUITests */,
			);
		};
/* End PBXProject section */

/* Begin PBXResourcesBuildPhase section */
		5277393F25D4D2E600F93FEC /* Resources */ = {
			isa = PBXResourcesBuildPhase;
			buildActionMask = 2147483647;
			files = (
				5277395125D4D2E700F93FEC /* LaunchScreen.storyboard in Resources */,
				5277394E25D4D2E700F93FEC /* Preview Assets.xcassets in Resources */,
				5277394B25D4D2E700F93FEC /* Assets.xcassets in Resources */,
			);
			runOnlyForDeploymentPostprocessing = 0;
		};
		5277395525D4D2E700F93FEC /* Resources */ = {
			isa = PBXResourcesBuildPhase;
			buildActionMask = 2147483647;
			files = (
			);
			runOnlyForDeploymentPostprocessing = 0;
		};
		5277396025D4D2E800F93FEC /* Resources */ = {
			isa = PBXResourcesBuildPhase;
			buildActionMask = 2147483647;
			files = (
			);
			runOnlyForDeploymentPostprocessing = 0;
		};
/* End PBXResourcesBuildPhase section */

/* Begin PBXShellScriptBuildPhase section */
		075E0808066434ED3DCBEA2C /* [CP] Check Pods Manifest.lock */ = {
			isa = PBXShellScriptBuildPhase;
			buildActionMask = 2147483647;
			files = (
			);
			inputFileListPaths = (
			);
			inputPaths = (
				"${PODS_PODFILE_DIR_PATH}/Podfile.lock",
				"${PODS_ROOT}/Manifest.lock",
			);
			name = "[CP] Check Pods Manifest.lock";
			outputFileListPaths = (
			);
			outputPaths = (
				"$(DERIVED_FILE_DIR)/Pods-Tagoose-IOS-PluginTests-checkManifestLockResult.txt",
			);
			runOnlyForDeploymentPostprocessing = 0;
			shellPath = /bin/sh;
			shellScript = "diff \"${PODS_PODFILE_DIR_PATH}/Podfile.lock\" \"${PODS_ROOT}/Manifest.lock\" > /dev/null\nif [ $? != 0 ] ; then\n    # print error to STDERR\n    echo \"error: The sandbox is not in sync with the Podfile.lock. Run 'pod install' or update your CocoaPods installation.\" >&2\n    exit 1\nfi\n# This output is used by Xcode 'outputs' to avoid re-running this script phase.\necho \"SUCCESS\" > \"${SCRIPT_OUTPUT_FILE_0}\"\n";
			showEnvVarsInLog = 0;
		};
		1E6A83C9FD558E490B29047C /* [CP] Embed Pods Frameworks */ = {
			isa = PBXShellScriptBuildPhase;
			buildActionMask = 2147483647;
			files = (
			);
			inputFileListPaths = (
				"${PODS_ROOT}/Target Support Files/Pods-Tagoose-IOS-Plugin/Pods-Tagoose-IOS-Plugin-frameworks-${CONFIGURATION}-input-files.xcfilelist",
			);
			name = "[CP] Embed Pods Frameworks";
			outputFileListPaths = (
				"${PODS_ROOT}/Target Support Files/Pods-Tagoose-IOS-Plugin/Pods-Tagoose-IOS-Plugin-frameworks-${CONFIGURATION}-output-files.xcfilelist",
			);
			runOnlyForDeploymentPostprocessing = 0;
			shellPath = /bin/sh;
			shellScript = "\"${PODS_ROOT}/Target Support Files/Pods-Tagoose-IOS-Plugin/Pods-Tagoose-IOS-Plugin-frameworks.sh\"\n";
			showEnvVarsInLog = 0;
		};
		A76DBA8694BD58C69513C7CC /* [CP] Check Pods Manifest.lock */ = {
			isa = PBXShellScriptBuildPhase;
			buildActionMask = 2147483647;
			files = (
			);
			inputFileListPaths = (
			);
			inputPaths = (
				"${PODS_PODFILE_DIR_PATH}/Podfile.lock",
				"${PODS_ROOT}/Manifest.lock",
			);
			name = "[CP] Check Pods Manifest.lock";
			outputFileListPaths = (
			);
			outputPaths = (
				"$(DERIVED_FILE_DIR)/Pods-Tagoose-IOS-Plugin-Tagoose-IOS-PluginUITests-checkManifestLockResult.txt",
			);
			runOnlyForDeploymentPostprocessing = 0;
			shellPath = /bin/sh;
			shellScript = "diff \"${PODS_PODFILE_DIR_PATH}/Podfile.lock\" \"${PODS_ROOT}/Manifest.lock\" > /dev/null\nif [ $? != 0 ] ; then\n    # print error to STDERR\n    echo \"error: The sandbox is not in sync with the Podfile.lock. Run 'pod install' or update your CocoaPods installation.\" >&2\n    exit 1\nfi\n# This output is used by Xcode 'outputs' to avoid re-running this script phase.\necho \"SUCCESS\" > \"${SCRIPT_OUTPUT_FILE_0}\"\n";
			showEnvVarsInLog = 0;
		};
		D70537BF9DF7E1B7F3700BE9 /* [CP] Embed Pods Frameworks */ = {
			isa = PBXShellScriptBuildPhase;
			buildActionMask = 2147483647;
			files = (
			);
			inputFileListPaths = (
				"${PODS_ROOT}/Target Support Files/Pods-Tagoose-IOS-Plugin-Tagoose-IOS-PluginUITests/Pods-Tagoose-IOS-Plugin-Tagoose-IOS-PluginUITests-frameworks-${CONFIGURATION}-input-files.xcfilelist",
			);
			name = "[CP] Embed Pods Frameworks";
			outputFileListPaths = (
				"${PODS_ROOT}/Target Support Files/Pods-Tagoose-IOS-Plugin-Tagoose-IOS-PluginUITests/Pods-Tagoose-IOS-Plugin-Tagoose-IOS-PluginUITests-frameworks-${CONFIGURATION}-output-files.xcfilelist",
			);
			runOnlyForDeploymentPostprocessing = 0;
			shellPath = /bin/sh;
			shellScript = "\"${PODS_ROOT}/Target Support Files/Pods-Tagoose-IOS-Plugin-Tagoose-IOS-PluginUITests/Pods-Tagoose-IOS-Plugin-Tagoose-IOS-PluginUITests-frameworks.sh\"\n";
			showEnvVarsInLog = 0;
		};
		EB378E2FCB96A5DA15317881 /* [CP] Check Pods Manifest.lock */ = {
			isa = PBXShellScriptBuildPhase;
			buildActionMask = 2147483647;
			files = (
			);
			inputFileListPaths = (
			);
			inputPaths = (
				"${PODS_PODFILE_DIR_PATH}/Podfile.lock",
				"${PODS_ROOT}/Manifest.lock",
			);
			name = "[CP] Check Pods Manifest.lock";
			outputFileListPaths = (
			);
			outputPaths = (
				"$(DERIVED_FILE_DIR)/Pods-Tagoose-IOS-Plugin-checkManifestLockResult.txt",
			);
			runOnlyForDeploymentPostprocessing = 0;
			shellPath = /bin/sh;
			shellScript = "diff \"${PODS_PODFILE_DIR_PATH}/Podfile.lock\" \"${PODS_ROOT}/Manifest.lock\" > /dev/null\nif [ $? != 0 ] ; then\n    # print error to STDERR\n    echo \"error: The sandbox is not in sync with the Podfile.lock. Run 'pod install' or update your CocoaPods installation.\" >&2\n    exit 1\nfi\n# This output is used by Xcode 'outputs' to avoid re-running this script phase.\necho \"SUCCESS\" > \"${SCRIPT_OUTPUT_FILE_0}\"\n";
			showEnvVarsInLog = 0;
		};
/* End PBXShellScriptBuildPhase section */

/* Begin PBXSourcesBuildPhase section */
		5277393D25D4D2E600F93FEC /* Sources */ = {
			isa = PBXSourcesBuildPhase;
			buildActionMask = 2147483647;
			files = (
				5299577725D9E15C0015842A /* ModelProvider.swift in Sources */,
				5277394525D4D2E600F93FEC /* AppDelegate.swift in Sources */,
				5299575E25D9DBE10015842A /* Tile.swift in Sources */,
				5299575D25D9DBE10015842A /* BoundingBoxSide.swift in Sources */,
				5299576325D9DBE10015842A /* PointCloud+CreateVisualization.swift in Sources */,
				5299577225D9E0980015842A /* ThresholdPanGestureRecognizer.swift in Sources */,
				5299575B25D9DBE10015842A /* DetectedObject.swift in Sources */,
				527739AF25D5168800F93FEC /* ScanEvent.swift in Sources */,
				5299576025D9DBE10015842A /* DetectedBoundingBox.swift in Sources */,
				5299575C25D9DBE10015842A /* Snapping.swift in Sources */,
				5277398625D4D53F00F93FEC /* ScanView.swift in Sources */,
				5299575925D9DBE10015842A /* ScannedPointCloud.swift in Sources */,
				5299578825D9E4110015842A /* Utilities.swift in Sources */,
				5299575825D9DBE10015842A /* ScannedObject.swift in Sources */,
				5277394725D4D2E600F93FEC /* SceneDelegate.swift in Sources */,
				5299575F25D9DBE10015842A /* ObjectOriginAxis.swift in Sources */,
				529956EB25D9C7760015842A /* ScanSceneView.swift in Sources */,
				527739AA25D5167F00F93FEC /* ScanState.swift in Sources */,
				5299577125D9E0980015842A /* ThresholdPinchGestureRecognizer.swift in Sources */,
				5299576425D9DBE10015842A /* ObjectOrigin.swift in Sources */,
				529956F825D9C92A0015842A /* ObjectSearchRepository.swift in Sources */,
				5277398B25D4D5A700F93FEC /* ScanRepository.swift in Sources */,
				5299576225D9DBE10015842A /* BoundingBox.swift in Sources */,
				5299576125D9DBE10015842A /* Wireframe.swift in Sources */,
				5299570525D9C9630015842A /* ResizeObjectRepository.swift in Sources */,
				5299575A25D9DBE10015842A /* DetectedPointCloud.swift in Sources */,
				5277399025D4D5BE00F93FEC /* ScanController.swift in Sources */,
				5299577025D9E0980015842A /* ThresholdRotationGestureRecognizer.swift in Sources */,
			);
			runOnlyForDeploymentPostprocessing = 0;
		};
		5277395325D4D2E700F93FEC /* Sources */ = {
			isa = PBXSourcesBuildPhase;
			buildActionMask = 2147483647;
			files = (
				5277395C25D4D2E700F93FEC /* Tagoose_IOS_PluginTests.swift in Sources */,
			);
			runOnlyForDeploymentPostprocessing = 0;
		};
		5277395E25D4D2E800F93FEC /* Sources */ = {
			isa = PBXSourcesBuildPhase;
			buildActionMask = 2147483647;
			files = (
				5277396725D4D2E800F93FEC /* Tagoose_IOS_PluginUITests.swift in Sources */,
			);
			runOnlyForDeploymentPostprocessing = 0;
		};
/* End PBXSourcesBuildPhase section */

/* Begin PBXTargetDependency section */
		5277395925D4D2E700F93FEC /* PBXTargetDependency */ = {
			isa = PBXTargetDependency;
			target = 5277394025D4D2E600F93FEC /* Tagoose-IOS-Plugin */;
			targetProxy = 5277395825D4D2E700F93FEC /* PBXContainerItemProxy */;
		};
		5277396425D4D2E800F93FEC /* PBXTargetDependency */ = {
			isa = PBXTargetDependency;
			target = 5277394025D4D2E600F93FEC /* Tagoose-IOS-Plugin */;
			targetProxy = 5277396325D4D2E800F93FEC /* PBXContainerItemProxy */;
		};
/* End PBXTargetDependency section */

/* Begin PBXVariantGroup section */
		5277394F25D4D2E700F93FEC /* LaunchScreen.storyboard */ = {
			isa = PBXVariantGroup;
			children = (
				5277395025D4D2E700F93FEC /* Base */,
			);
			name = LaunchScreen.storyboard;
			sourceTree = "<group>";
		};
/* End PBXVariantGroup section */

/* Begin XCBuildConfiguration section */
		5277396925D4D2E800F93FEC /* Debug */ = {
			isa = XCBuildConfiguration;
			buildSettings = {
				ALWAYS_SEARCH_USER_PATHS = NO;
				CLANG_ANALYZER_NONNULL = YES;
				CLANG_ANALYZER_NUMBER_OBJECT_CONVERSION = YES_AGGRESSIVE;
				CLANG_CXX_LANGUAGE_STANDARD = "gnu++14";
				CLANG_CXX_LIBRARY = "libc++";
				CLANG_ENABLE_MODULES = YES;
				CLANG_ENABLE_OBJC_ARC = YES;
				CLANG_ENABLE_OBJC_WEAK = YES;
				CLANG_WARN_BLOCK_CAPTURE_AUTORELEASING = YES;
				CLANG_WARN_BOOL_CONVERSION = YES;
				CLANG_WARN_COMMA = YES;
				CLANG_WARN_CONSTANT_CONVERSION = YES;
				CLANG_WARN_DEPRECATED_OBJC_IMPLEMENTATIONS = YES;
				CLANG_WARN_DIRECT_OBJC_ISA_USAGE = YES_ERROR;
				CLANG_WARN_DOCUMENTATION_COMMENTS = YES;
				CLANG_WARN_EMPTY_BODY = YES;
				CLANG_WARN_ENUM_CONVERSION = YES;
				CLANG_WARN_INFINITE_RECURSION = YES;
				CLANG_WARN_INT_CONVERSION = YES;
				CLANG_WARN_NON_LITERAL_NULL_CONVERSION = YES;
				CLANG_WARN_OBJC_IMPLICIT_RETAIN_SELF = YES;
				CLANG_WARN_OBJC_LITERAL_CONVERSION = YES;
				CLANG_WARN_OBJC_ROOT_CLASS = YES_ERROR;
				CLANG_WARN_QUOTED_INCLUDE_IN_FRAMEWORK_HEADER = YES;
				CLANG_WARN_RANGE_LOOP_ANALYSIS = YES;
				CLANG_WARN_STRICT_PROTOTYPES = YES;
				CLANG_WARN_SUSPICIOUS_MOVE = YES;
				CLANG_WARN_UNGUARDED_AVAILABILITY = YES_AGGRESSIVE;
				CLANG_WARN_UNREACHABLE_CODE = YES;
				CLANG_WARN__DUPLICATE_METHOD_MATCH = YES;
				COPY_PHASE_STRIP = NO;
				DEBUG_INFORMATION_FORMAT = dwarf;
				ENABLE_STRICT_OBJC_MSGSEND = YES;
				ENABLE_TESTABILITY = YES;
				GCC_C_LANGUAGE_STANDARD = gnu11;
				GCC_DYNAMIC_NO_PIC = NO;
				GCC_NO_COMMON_BLOCKS = YES;
				GCC_OPTIMIZATION_LEVEL = 0;
				GCC_PREPROCESSOR_DEFINITIONS = (
					"DEBUG=1",
					"$(inherited)",
				);
				GCC_WARN_64_TO_32_BIT_CONVERSION = YES;
				GCC_WARN_ABOUT_RETURN_TYPE = YES_ERROR;
				GCC_WARN_UNDECLARED_SELECTOR = YES;
				GCC_WARN_UNINITIALIZED_AUTOS = YES_AGGRESSIVE;
				GCC_WARN_UNUSED_FUNCTION = YES;
				GCC_WARN_UNUSED_VARIABLE = YES;
				IPHONEOS_DEPLOYMENT_TARGET = 14.1;
				MTL_ENABLE_DEBUG_INFO = INCLUDE_SOURCE;
				MTL_FAST_MATH = YES;
				ONLY_ACTIVE_ARCH = YES;
				SDKROOT = iphoneos;
				SWIFT_ACTIVE_COMPILATION_CONDITIONS = DEBUG;
				SWIFT_OPTIMIZATION_LEVEL = "-Onone";
			};
			name = Debug;
		};
		5277396A25D4D2E800F93FEC /* Release */ = {
			isa = XCBuildConfiguration;
			buildSettings = {
				ALWAYS_SEARCH_USER_PATHS = NO;
				CLANG_ANALYZER_NONNULL = YES;
				CLANG_ANALYZER_NUMBER_OBJECT_CONVERSION = YES_AGGRESSIVE;
				CLANG_CXX_LANGUAGE_STANDARD = "gnu++14";
				CLANG_CXX_LIBRARY = "libc++";
				CLANG_ENABLE_MODULES = YES;
				CLANG_ENABLE_OBJC_ARC = YES;
				CLANG_ENABLE_OBJC_WEAK = YES;
				CLANG_WARN_BLOCK_CAPTURE_AUTORELEASING = YES;
				CLANG_WARN_BOOL_CONVERSION = YES;
				CLANG_WARN_COMMA = YES;
				CLANG_WARN_CONSTANT_CONVERSION = YES;
				CLANG_WARN_DEPRECATED_OBJC_IMPLEMENTATIONS = YES;
				CLANG_WARN_DIRECT_OBJC_ISA_USAGE = YES_ERROR;
				CLANG_WARN_DOCUMENTATION_COMMENTS = YES;
				CLANG_WARN_EMPTY_BODY = YES;
				CLANG_WARN_ENUM_CONVERSION = YES;
				CLANG_WARN_INFINITE_RECURSION = YES;
				CLANG_WARN_INT_CONVERSION = YES;
				CLANG_WARN_NON_LITERAL_NULL_CONVERSION = YES;
				CLANG_WARN_OBJC_IMPLICIT_RETAIN_SELF = YES;
				CLANG_WARN_OBJC_LITERAL_CONVERSION = YES;
				CLANG_WARN_OBJC_ROOT_CLASS = YES_ERROR;
				CLANG_WARN_QUOTED_INCLUDE_IN_FRAMEWORK_HEADER = YES;
				CLANG_WARN_RANGE_LOOP_ANALYSIS = YES;
				CLANG_WARN_STRICT_PROTOTYPES = YES;
				CLANG_WARN_SUSPICIOUS_MOVE = YES;
				CLANG_WARN_UNGUARDED_AVAILABILITY = YES_AGGRESSIVE;
				CLANG_WARN_UNREACHABLE_CODE = YES;
				CLANG_WARN__DUPLICATE_METHOD_MATCH = YES;
				COPY_PHASE_STRIP = NO;
				DEBUG_INFORMATION_FORMAT = "dwarf-with-dsym";
				ENABLE_NS_ASSERTIONS = NO;
				ENABLE_STRICT_OBJC_MSGSEND = YES;
				GCC_C_LANGUAGE_STANDARD = gnu11;
				GCC_NO_COMMON_BLOCKS = YES;
				GCC_WARN_64_TO_32_BIT_CONVERSION = YES;
				GCC_WARN_ABOUT_RETURN_TYPE = YES_ERROR;
				GCC_WARN_UNDECLARED_SELECTOR = YES;
				GCC_WARN_UNINITIALIZED_AUTOS = YES_AGGRESSIVE;
				GCC_WARN_UNUSED_FUNCTION = YES;
				GCC_WARN_UNUSED_VARIABLE = YES;
				IPHONEOS_DEPLOYMENT_TARGET = 14.1;
				MTL_ENABLE_DEBUG_INFO = NO;
				MTL_FAST_MATH = YES;
				SDKROOT = iphoneos;
				SWIFT_COMPILATION_MODE = wholemodule;
				SWIFT_OPTIMIZATION_LEVEL = "-O";
				VALIDATE_PRODUCT = YES;
			};
			name = Release;
		};
		5277396C25D4D2E800F93FEC /* Debug */ = {
			isa = XCBuildConfiguration;
			baseConfigurationReference = 93C76236FE9D8506C73BD906 /* Pods-Tagoose-IOS-Plugin.debug.xcconfig */;
			buildSettings = {
				ASSETCATALOG_COMPILER_APPICON_NAME = AppIcon;
				ASSETCATALOG_COMPILER_GLOBAL_ACCENT_COLOR_NAME = AccentColor;
				CODE_SIGN_STYLE = Automatic;
				DEVELOPMENT_ASSET_PATHS = "\"Tagoose-IOS-Plugin/Preview Content\"";
				DEVELOPMENT_TEAM = 7V33CQFMZ8;
				ENABLE_PREVIEWS = YES;
				INFOPLIST_FILE = "Tagoose-IOS-Plugin/Info.plist";
				LD_RUNPATH_SEARCH_PATHS = (
					"$(inherited)",
					"@executable_path/Frameworks",
				);
				PRODUCT_BUNDLE_IDENTIFIER = "SpotterDev.Tagoose-IOS-Plugin";
				PRODUCT_NAME = "$(TARGET_NAME)";
				SWIFT_VERSION = 5.0;
				TARGETED_DEVICE_FAMILY = "1,2";
			};
			name = Debug;
		};
		5277396D25D4D2E800F93FEC /* Release */ = {
			isa = XCBuildConfiguration;
			baseConfigurationReference = B6C0501B4EC3C66D33EB1BCC /* Pods-Tagoose-IOS-Plugin.release.xcconfig */;
			buildSettings = {
				ASSETCATALOG_COMPILER_APPICON_NAME = AppIcon;
				ASSETCATALOG_COMPILER_GLOBAL_ACCENT_COLOR_NAME = AccentColor;
				CODE_SIGN_STYLE = Automatic;
				DEVELOPMENT_ASSET_PATHS = "\"Tagoose-IOS-Plugin/Preview Content\"";
				DEVELOPMENT_TEAM = 7V33CQFMZ8;
				ENABLE_PREVIEWS = YES;
				INFOPLIST_FILE = "Tagoose-IOS-Plugin/Info.plist";
				LD_RUNPATH_SEARCH_PATHS = (
					"$(inherited)",
					"@executable_path/Frameworks",
				);
				PRODUCT_BUNDLE_IDENTIFIER = "SpotterDev.Tagoose-IOS-Plugin";
				PRODUCT_NAME = "$(TARGET_NAME)";
				SWIFT_VERSION = 5.0;
				TARGETED_DEVICE_FAMILY = "1,2";
			};
			name = Release;
		};
		5277396F25D4D2E800F93FEC /* Debug */ = {
			isa = XCBuildConfiguration;
			baseConfigurationReference = C388F50239558F7ABD1091AF /* Pods-Tagoose-IOS-PluginTests.debug.xcconfig */;
			buildSettings = {
				ALWAYS_EMBED_SWIFT_STANDARD_LIBRARIES = YES;
				BUNDLE_LOADER = "$(TEST_HOST)";
				CODE_SIGN_STYLE = Automatic;
				DEVELOPMENT_TEAM = 7V33CQFMZ8;
				INFOPLIST_FILE = "Tagoose-IOS-PluginTests/Info.plist";
				IPHONEOS_DEPLOYMENT_TARGET = 14.1;
				LD_RUNPATH_SEARCH_PATHS = (
					"$(inherited)",
					"@executable_path/Frameworks",
					"@loader_path/Frameworks",
				);
				PRODUCT_BUNDLE_IDENTIFIER = "SpotterDev.Tagoose-IOS-PluginTests";
				PRODUCT_NAME = "$(TARGET_NAME)";
				SWIFT_VERSION = 5.0;
				TARGETED_DEVICE_FAMILY = "1,2";
				TEST_HOST = "$(BUILT_PRODUCTS_DIR)/Tagoose-IOS-Plugin.app/Tagoose-IOS-Plugin";
			};
			name = Debug;
		};
		5277397025D4D2E800F93FEC /* Release */ = {
			isa = XCBuildConfiguration;
			baseConfigurationReference = D70CD699DB941E6CA01107AD /* Pods-Tagoose-IOS-PluginTests.release.xcconfig */;
			buildSettings = {
				ALWAYS_EMBED_SWIFT_STANDARD_LIBRARIES = YES;
				BUNDLE_LOADER = "$(TEST_HOST)";
				CODE_SIGN_STYLE = Automatic;
				DEVELOPMENT_TEAM = 7V33CQFMZ8;
				INFOPLIST_FILE = "Tagoose-IOS-PluginTests/Info.plist";
				IPHONEOS_DEPLOYMENT_TARGET = 14.1;
				LD_RUNPATH_SEARCH_PATHS = (
					"$(inherited)",
					"@executable_path/Frameworks",
					"@loader_path/Frameworks",
				);
				PRODUCT_BUNDLE_IDENTIFIER = "SpotterDev.Tagoose-IOS-PluginTests";
				PRODUCT_NAME = "$(TARGET_NAME)";
				SWIFT_VERSION = 5.0;
				TARGETED_DEVICE_FAMILY = "1,2";
				TEST_HOST = "$(BUILT_PRODUCTS_DIR)/Tagoose-IOS-Plugin.app/Tagoose-IOS-Plugin";
			};
			name = Release;
		};
		5277397225D4D2E800F93FEC /* Debug */ = {
			isa = XCBuildConfiguration;
			baseConfigurationReference = 2CBFE11A30BCF2276615B906 /* Pods-Tagoose-IOS-Plugin-Tagoose-IOS-PluginUITests.debug.xcconfig */;
			buildSettings = {
				ALWAYS_EMBED_SWIFT_STANDARD_LIBRARIES = YES;
				CODE_SIGN_STYLE = Automatic;
				DEVELOPMENT_TEAM = 7V33CQFMZ8;
				INFOPLIST_FILE = "Tagoose-IOS-PluginUITests/Info.plist";
				LD_RUNPATH_SEARCH_PATHS = (
					"$(inherited)",
					"@executable_path/Frameworks",
					"@loader_path/Frameworks",
				);
				PRODUCT_BUNDLE_IDENTIFIER = "SpotterDev.Tagoose-IOS-PluginUITests";
				PRODUCT_NAME = "$(TARGET_NAME)";
				SWIFT_VERSION = 5.0;
				TARGETED_DEVICE_FAMILY = "1,2";
				TEST_TARGET_NAME = "Tagoose-IOS-Plugin";
			};
			name = Debug;
		};
		5277397325D4D2E800F93FEC /* Release */ = {
			isa = XCBuildConfiguration;
			baseConfigurationReference = A972F5E7E8C4EDF17E6A42E9 /* Pods-Tagoose-IOS-Plugin-Tagoose-IOS-PluginUITests.release.xcconfig */;
			buildSettings = {
				ALWAYS_EMBED_SWIFT_STANDARD_LIBRARIES = YES;
				CODE_SIGN_STYLE = Automatic;
				DEVELOPMENT_TEAM = 7V33CQFMZ8;
				INFOPLIST_FILE = "Tagoose-IOS-PluginUITests/Info.plist";
				LD_RUNPATH_SEARCH_PATHS = (
					"$(inherited)",
					"@executable_path/Frameworks",
					"@loader_path/Frameworks",
				);
				PRODUCT_BUNDLE_IDENTIFIER = "SpotterDev.Tagoose-IOS-PluginUITests";
				PRODUCT_NAME = "$(TARGET_NAME)";
				SWIFT_VERSION = 5.0;
				TARGETED_DEVICE_FAMILY = "1,2";
				TEST_TARGET_NAME = "Tagoose-IOS-Plugin";
			};
			name = Release;
		};
/* End XCBuildConfiguration section */

/* Begin XCConfigurationList section */
		5277393C25D4D2E600F93FEC /* Build configuration list for PBXProject "Tagoose-IOS-Plugin" */ = {
			isa = XCConfigurationList;
			buildConfigurations = (
				5277396925D4D2E800F93FEC /* Debug */,
				5277396A25D4D2E800F93FEC /* Release */,
			);
			defaultConfigurationIsVisible = 0;
			defaultConfigurationName = Release;
		};
		5277396B25D4D2E800F93FEC /* Build configuration list for PBXNativeTarget "Tagoose-IOS-Plugin" */ = {
			isa = XCConfigurationList;
			buildConfigurations = (
				5277396C25D4D2E800F93FEC /* Debug */,
				5277396D25D4D2E800F93FEC /* Release */,
			);
			defaultConfigurationIsVisible = 0;
			defaultConfigurationName = Release;
		};
		5277396E25D4D2E800F93FEC /* Build configuration list for PBXNativeTarget "Tagoose-IOS-PluginTests" */ = {
			isa = XCConfigurationList;
			buildConfigurations = (
				5277396F25D4D2E800F93FEC /* Debug */,
				5277397025D4D2E800F93FEC /* Release */,
			);
			defaultConfigurationIsVisible = 0;
			defaultConfigurationName = Release;
		};
		5277397125D4D2E800F93FEC /* Build configuration list for PBXNativeTarget "Tagoose-IOS-PluginUITests" */ = {
			isa = XCConfigurationList;
			buildConfigurations = (
				5277397225D4D2E800F93FEC /* Debug */,
				5277397325D4D2E800F93FEC /* Release */,
			);
			defaultConfigurationIsVisible = 0;
			defaultConfigurationName = Release;
		};
/* End XCConfigurationList section */
	};
	rootObject = 5277393925D4D2E600F93FEC /* Project object */;
}
